
Microsoft Visual Studio Solution File, Format Version 12.00
# Visual Studio Version 17
VisualStudioVersion = 17.5.002.0
MinimumVisualStudioVersion = 10.0.40219.1
Project("{9A19103F-16F7-4668-BE54-9A1E7A4F7556}") = "PracticaJobs", "PracticaJobs.csproj", "{BCBDDF82-BD20-44A7-99D6-F5F4A759C929}"
EndProject
Global
	GlobalSection(SolutionConfigurationPlatforms) = preSolution
		Debug|Any CPU = Debug|Any CPU
		Release|Any CPU = Release|Any CPU
	EndGlobalSection
	GlobalSection(ProjectConfigurationPlatforms) = postSolution
		{BCBDDF82-BD20-44A7-99D6-F5F4A759C929}.Debug|Any CPU.ActiveCfg = Debug|Any CPU
		{BCBDDF82-BD20-44A7-99D6-F5F4A759C929}.Debug|Any CPU.Build.0 = Debug|Any CPU
		{BCBDDF82-BD20-44A7-99D6-F5F4A759C929}.Release|Any CPU.ActiveCfg = Release|Any CPU
		{BCBDDF82-BD20-44A7-99D6-F5F4A759C929}.Release|Any CPU.Build.0 = Release|Any CPU
	EndGlobalSection
	GlobalSection(SolutionProperties) = preSolution
		HideSolutionNode = FALSE
	EndGlobalSection
	GlobalSection(ExtensibilityGlobals) = postSolution
		SolutionGuid = {AA6AFF9E-6223-4E91-8FC0-A87CC1ECFF7E}
	EndGlobalSection
EndGlobal
